
Microsoft Visual Studio Solution File, Format Version 12.00
# Visual Studio Version 17
VisualStudioVersion = 17.5.33627.172
MinimumVisualStudioVersion = 10.0.40219.1
Project("{9A19103F-16F7-4668-BE54-9A1E7A4F7556}") = "ECommerce.Web", "ECommerce.Web\ECommerce.Web.csproj", "{D65A46F1-8113-470A-9709-B2DC93AA3D8B}"
EndProject
Project("{9A19103F-16F7-4668-BE54-9A1E7A4F7556}") = "ECommerce.Domain", "ECommerce.Domain\ECommerce.Domain.csproj", "{074E67FB-6B00-4047-8177-57A413BEF574}"
EndProject
Project("{9A19103F-16F7-4668-BE54-9A1E7A4F7556}") = "ECommerce.Application", "ECommerce.Application\ECommerce.Application.csproj", "{10259C48-882D-4F01-B75C-7DF74C786100}"
EndProject
Project("{9A19103F-16F7-4668-BE54-9A1E7A4F7556}") = "ECommerce.Persistence", "ECommerce.Persistence\ECommerce.Persistence.csproj", "{446871FE-021F-463C-B4C2-B766D23EF994}"
EndProject
Project("{FAE04EC0-301F-11D3-BF4B-00C04F79EFBC}") = "ECommerce.Infrastructure", "ECommerce.Infrastructure\ECommerce.Infrastructure.csproj", "{79576321-DD10-4697-8187-7CAC6370A1F1}"
EndProject
Global
	GlobalSection(SolutionConfigurationPlatforms) = preSolution
		Debug|Any CPU = Debug|Any CPU
		Release|Any CPU = Release|Any CPU
	EndGlobalSection
	GlobalSection(ProjectConfigurationPlatforms) = postSolution
		{D65A46F1-8113-470A-9709-B2DC93AA3D8B}.Debug|Any CPU.ActiveCfg = Debug|Any CPU
		{D65A46F1-8113-470A-9709-B2DC93AA3D8B}.Debug|Any CPU.Build.0 = Debug|Any CPU
		{D65A46F1-8113-470A-9709-B2DC93AA3D8B}.Release|Any CPU.ActiveCfg = Release|Any CPU
		{D65A46F1-8113-470A-9709-B2DC93AA3D8B}.Release|Any CPU.Build.0 = Release|Any CPU
		{074E67FB-6B00-4047-8177-57A413BEF574}.Debug|Any CPU.ActiveCfg = Debug|Any CPU
		{074E67FB-6B00-4047-8177-57A413BEF574}.Debug|Any CPU.Build.0 = Debug|Any CPU
		{074E67FB-6B00-4047-8177-57A413BEF574}.Release|Any CPU.ActiveCfg = Release|Any CPU
		{074E67FB-6B00-4047-8177-57A413BEF574}.Release|Any CPU.Build.0 = Release|Any CPU
		{10259C48-882D-4F01-B75C-7DF74C786100}.Debug|Any CPU.ActiveCfg = Debug|Any CPU
		{10259C48-882D-4F01-B75C-7DF74C786100}.Debug|Any CPU.Build.0 = Debug|Any CPU
		{10259C48-882D-4F01-B75C-7DF74C786100}.Release|Any CPU.ActiveCfg = Release|Any CPU
		{10259C48-882D-4F01-B75C-7DF74C786100}.Release|Any CPU.Build.0 = Release|Any CPU
		{446871FE-021F-463C-B4C2-B766D23EF994}.Debug|Any CPU.ActiveCfg = Debug|Any CPU
		{446871FE-021F-463C-B4C2-B766D23EF994}.Debug|Any CPU.Build.0 = Debug|Any CPU
		{446871FE-021F-463C-B4C2-B766D23EF994}.Release|Any CPU.ActiveCfg = Release|Any CPU
		{446871FE-021F-463C-B4C2-B766D23EF994}.Release|Any CPU.Build.0 = Release|Any CPU
		{79576321-DD10-4697-8187-7CAC6370A1F1}.Debug|Any CPU.ActiveCfg = Debug|Any CPU
		{79576321-DD10-4697-8187-7CAC6370A1F1}.Debug|Any CPU.Build.0 = Debug|Any CPU
		{79576321-DD10-4697-8187-7CAC6370A1F1}.Release|Any CPU.ActiveCfg = Release|Any CPU
		{79576321-DD10-4697-8187-7CAC6370A1F1}.Release|Any CPU.Build.0 = Release|Any CPU
	EndGlobalSection
	GlobalSection(SolutionProperties) = preSolution
		HideSolutionNode = FALSE
	EndGlobalSection
	GlobalSection(ExtensibilityGlobals) = postSolution
		SolutionGuid = {A19A87A3-56CA-485F-9FED-19C9B9419AB0}
	EndGlobalSection
EndGlobal
